
Microsoft Visual Studio Solution File, Format Version 12.00
# Visual Studio Version 17
VisualStudioVersion = 17.11.35303.130
MinimumVisualStudioVersion = 10.0.40219.1
Project("{FAE04EC0-301F-11D3-BF4B-00C04F79EFBC}") = "Quan Ly Ban Hang", "Quan Ly Ban Hang\Quan Ly Ban Hang.csproj", "{68A4D75A-BEFE-49DE-9FBA-B37EB57634FC}"
EndProject
Global
	GlobalSection(SolutionConfigurationPlatforms) = preSolution
		Debug|Any CPU = Debug|Any CPU
		Release|Any CPU = Release|Any CPU
	EndGlobalSection
	GlobalSection(ProjectConfigurationPlatforms) = postSolution
		{68A4D75A-BEFE-49DE-9FBA-B37EB57634FC}.Debug|Any CPU.ActiveCfg = Debug|Any CPU
		{68A4D75A-BEFE-49DE-9FBA-B37EB57634FC}.Debug|Any CPU.Build.0 = Debug|Any CPU
		{68A4D75A-BEFE-49DE-9FBA-B37EB57634FC}.Release|Any CPU.ActiveCfg = Release|Any CPU
		{68A4D75A-BEFE-49DE-9FBA-B37EB57634FC}.Release|Any CPU.Build.0 = Release|Any CPU
	EndGlobalSection
	GlobalSection(SolutionProperties) = preSolution
		HideSolutionNode = FALSE
	EndGlobalSection
	GlobalSection(ExtensibilityGlobals) = postSolution
		SolutionGuid = {4A7A5F90-C6D2-4404-B7FE-E3A9A094C17B}
	EndGlobalSection
EndGlobal
